// !$*UTF8*$!
{
	archiveVersion = 1;
	classes = {
	};
	objectVersion = 56;
	objects = {

/* Begin PBXBuildFile section */
		D3FAACC92C95AA70002C2AB8 /* YouTubeAPIApp.swift in Sources */ = {isa = PBXBuildFile; fileRef = D3FAACC82C95AA70002C2AB8 /* YouTubeAPIApp.swift */; };
		D3FAACCB2C95AA70002C2AB8 /* HomeView.swift in Sources */ = {isa = PBXBuildFile; fileRef = D3FAACCA2C95AA70002C2AB8 /* HomeView.swift */; };
		D3FAACCD2C95AA71002C2AB8 /* Assets.xcassets in Resources */ = {isa = PBXBuildFile; fileRef = D3FAACCC2C95AA71002C2AB8 /* Assets.xcassets */; };
		D3FAACD02C95AA71002C2AB8 /* Preview Assets.xcassets in Resources */ = {isa = PBXBuildFile; fileRef = D3FAACCF2C95AA71002C2AB8 /* Preview Assets.xcassets */; };
		D3FAACDA2C95AAB5002C2AB8 /* DataService.swift in Sources */ = {isa = PBXBuildFile; fileRef = D3FAACD92C95AAB5002C2AB8 /* DataService.swift */; };
		D3FAACDC2C95AADE002C2AB8 /* FeedView.swift in Sources */ = {isa = PBXBuildFile; fileRef = D3FAACDB2C95AADE002C2AB8 /* FeedView.swift */; };
		D3FAACDE2C95AAEF002C2AB8 /* VideoRowView.swift in Sources */ = {isa = PBXBuildFile; fileRef = D3FAACDD2C95AAEF002C2AB8 /* VideoRowView.swift */; };
		D3FAACE02C95AB01002C2AB8 /* VideoDetailView.swift in Sources */ = {isa = PBXBuildFile; fileRef = D3FAACDF2C95AB01002C2AB8 /* VideoDetailView.swift */; };
		D3FAACE22C95AB50002C2AB8 /* Video.swift in Sources */ = {isa = PBXBuildFile; fileRef = D3FAACE12C95AB50002C2AB8 /* Video.swift */; };
		D3FAACE42C95AB5F002C2AB8 /* Playlist.swift in Sources */ = {isa = PBXBuildFile; fileRef = D3FAACE32C95AB5F002C2AB8 /* Playlist.swift */; };
		D3FAACE92C95DDB5002C2AB8 /* YouTubePlayerKit in Frameworks */ = {isa = PBXBuildFile; productRef = D3FAACE82C95DDB5002C2AB8 /* YouTubePlayerKit */; };
/* End PBXBuildFile section */

/* Begin PBXFileReference section */
		D3FAACC52C95AA70002C2AB8 /* YouTubeAPIApp.app */ = {isa = PBXFileReference; explicitFileType = wrapper.application; includeInIndex = 0; path = YouTubeAPIApp.app; sourceTree = BUILT_PRODUCTS_DIR; };
		D3FAACC82C95AA70002C2AB8 /* YouTubeAPIApp.swift */ = {isa = PBXFileReference; lastKnownFileType = sourcecode.swift; path = YouTubeAPIApp.swift; sourceTree = "<group>"; };
		D3FAACCA2C95AA70002C2AB8 /* HomeView.swift */ = {isa = PBXFileReference; lastKnownFileType = sourcecode.swift; path = HomeView.swift; sourceTree = "<group>"; };
		D3FAACCC2C95AA71002C2AB8 /* Assets.xcassets */ = {isa = PBXFileReference; lastKnownFileType = folder.assetcatalog; path = Assets.xcassets; sourceTree = "<group>"; };
		D3FAACCF2C95AA71002C2AB8 /* Preview Assets.xcassets */ = {isa = PBXFileReference; lastKnownFileType = folder.assetcatalog; path = "Preview Assets.xcassets"; sourceTree = "<group>"; };
		D3FAACD92C95AAB5002C2AB8 /* DataService.swift */ = {isa = PBXFileReference; lastKnownFileType = sourcecode.swift; path = DataService.swift; sourceTree = "<group>"; };
		D3FAACDB2C95AADE002C2AB8 /* FeedView.swift */ = {isa = PBXFileReference; lastKnownFileType = sourcecode.swift; path = FeedView.swift; sourceTree = "<group>"; };
		D3FAACDD2C95AAEF002C2AB8 /* VideoRowView.swift */ = {isa = PBXFileReference; lastKnownFileType = sourcecode.swift; path = VideoRowView.swift; sourceTree = "<group>"; };
		D3FAACDF2C95AB01002C2AB8 /* VideoDetailView.swift */ = {isa = PBXFileReference; lastKnownFileType = sourcecode.swift; path = VideoDetailView.swift; sourceTree = "<group>"; };
		D3FAACE12C95AB50002C2AB8 /* Video.swift */ = {isa = PBXFileReference; lastKnownFileType = sourcecode.swift; path = Video.swift; sourceTree = "<group>"; };
		D3FAACE32C95AB5F002C2AB8 /* Playlist.swift */ = {isa = PBXFileReference; lastKnownFileType = sourcecode.swift; path = Playlist.swift; sourceTree = "<group>"; };
		D3FAACE52C95AD8B002C2AB8 /* Config.xcconfig */ = {isa = PBXFileReference; lastKnownFileType = text.xcconfig; path = Config.xcconfig; sourceTree = "<group>"; };
		D3FAACE62C95AE14002C2AB8 /* Info.plist */ = {isa = PBXFileReference; lastKnownFileType = text.plist; path = Info.plist; sourceTree = "<group>"; };
/* End PBXFileReference section */

/* Begin PBXFrameworksBuildPhase section */
		D3FAACC22C95AA70002C2AB8 /* Frameworks */ = {
			isa = PBXFrameworksBuildPhase;
			buildActionMask = 2147483647;
			files = (
				D3FAACE92C95DDB5002C2AB8 /* YouTubePlayerKit in Frameworks */,
			);
			runOnlyForDeploymentPostprocessing = 0;
		};
/* End PBXFrameworksBuildPhase section */

/* Begin PBXGroup section */
		D3FAACBC2C95AA70002C2AB8 = {
			isa = PBXGroup;
			children = (
				D3FAACC72C95AA70002C2AB8 /* YouTubeAPIApp */,
				D3FAACC62C95AA70002C2AB8 /* Products */,
			);
			sourceTree = "<group>";
		};
		D3FAACC62C95AA70002C2AB8 /* Products */ = {
			isa = PBXGroup;
			children = (
				D3FAACC52C95AA70002C2AB8 /* YouTubeAPIApp.app */,
			);
			name = Products;
			sourceTree = "<group>";
		};
		D3FAACC72C95AA70002C2AB8 /* YouTubeAPIApp */ = {
			isa = PBXGroup;
			children = (
				D3FAACE62C95AE14002C2AB8 /* Info.plist */,
				D3FAACD82C95AA8F002C2AB8 /* models */,
				D3FAACD72C95AA89002C2AB8 /* views */,
				D3FAACD62C95AA82002C2AB8 /* services */,
				D3FAACC82C95AA70002C2AB8 /* YouTubeAPIApp.swift */,
				D3FAACCC2C95AA71002C2AB8 /* Assets.xcassets */,
				D3FAACCE2C95AA71002C2AB8 /* Preview Content */,
				D3FAACE52C95AD8B002C2AB8 /* Config.xcconfig */,
			);
			path = YouTubeAPIApp;
			sourceTree = "<group>";
		};
		D3FAACCE2C95AA71002C2AB8 /* Preview Content */ = {
			isa = PBXGroup;
			children = (
				D3FAACCF2C95AA71002C2AB8 /* Preview Assets.xcassets */,
			);
			path = "Preview Content";
			sourceTree = "<group>";
		};
		D3FAACD62C95AA82002C2AB8 /* services */ = {
			isa = PBXGroup;
			children = (
				D3FAACD92C95AAB5002C2AB8 /* DataService.swift */,
			);
			path = services;
			sourceTree = "<group>";
		};
		D3FAACD72C95AA89002C2AB8 /* views */ = {
			isa = PBXGroup;
			children = (
				D3FAACDB2C95AADE002C2AB8 /* FeedView.swift */,
				D3FAACDD2C95AAEF002C2AB8 /* VideoRowView.swift */,
				D3FAACCA2C95AA70002C2AB8 /* HomeView.swift */,
				D3FAACDF2C95AB01002C2AB8 /* VideoDetailView.swift */,
			);
			path = views;
			sourceTree = "<group>";
		};
		D3FAACD82C95AA8F002C2AB8 /* models */ = {
			isa = PBXGroup;
			children = (
				D3FAACE12C95AB50002C2AB8 /* Video.swift */,
				D3FAACE32C95AB5F002C2AB8 /* Playlist.swift */,
			);
			path = models;
			sourceTree = "<group>";
		};
/* End PBXGroup section */

/* Begin PBXNativeTarget section */
		D3FAACC42C95AA70002C2AB8 /* YouTubeAPIApp */ = {
			isa = PBXNativeTarget;
			buildConfigurationList = D3FAACD32C95AA71002C2AB8 /* Build configuration list for PBXNativeTarget "YouTubeAPIApp" */;
			buildPhases = (
				D3FAACC12C95AA70002C2AB8 /* Sources */,
				D3FAACC22C95AA70002C2AB8 /* Frameworks */,
				D3FAACC32C95AA70002C2AB8 /* Resources */,
			);
			buildRules = (
			);
			dependencies = (
			);
			name = YouTubeAPIApp;
			packageProductDependencies = (
				D3FAACE82C95DDB5002C2AB8 /* YouTubePlayerKit */,
			);
			productName = YouTubeAPIApp;
			productReference = D3FAACC52C95AA70002C2AB8 /* YouTubeAPIApp.app */;
			productType = "com.apple.product-type.application";
		};
/* End PBXNativeTarget section */

/* Begin PBXProject section */
		D3FAACBD2C95AA70002C2AB8 /* Project object */ = {
			isa = PBXProject;
			attributes = {
				BuildIndependentTargetsInParallel = 1;
				LastSwiftUpdateCheck = 1540;
				LastUpgradeCheck = 1540;
				TargetAttributes = {
					D3FAACC42C95AA70002C2AB8 = {
						CreatedOnToolsVersion = 15.4;
					};
				};
			};
			buildConfigurationList = D3FAACC02C95AA70002C2AB8 /* Build configuration list for PBXProject "YouTubeAPIApp" */;
			compatibilityVersion = "Xcode 14.0";
			developmentRegion = en;
			hasScannedForEncodings = 0;
			knownRegions = (
				en,
				Base,
			);
			mainGroup = D3FAACBC2C95AA70002C2AB8;
			packageReferences = (
				D3FAACE72C95DDB5002C2AB8 /* XCRemoteSwiftPackageReference "YouTubePlayerKit" */,
			);
			productRefGroup = D3FAACC62C95AA70002C2AB8 /* Products */;
			projectDirPath = "";
			projectRoot = "";
			targets = (
				D3FAACC42C95AA70002C2AB8 /* YouTubeAPIApp */,
			);
		};
/* End PBXProject section */

/* Begin PBXResourcesBuildPhase section */
		D3FAACC32C95AA70002C2AB8 /* Resources */ = {
			isa = PBXResourcesBuildPhase;
			buildActionMask = 2147483647;
			files = (
				D3FAACD02C95AA71002C2AB8 /* Preview Assets.xcassets in Resources */,
				D3FAACCD2C95AA71002C2AB8 /* Assets.xcassets in Resources */,
			);
			runOnlyForDeploymentPostprocessing = 0;
		};
/* End PBXResourcesBuildPhase section */

/* Begin PBXSourcesBuildPhase section */
		D3FAACC12C95AA70002C2AB8 /* Sources */ = {
			isa = PBXSourcesBuildPhase;
			buildActionMask = 2147483647;
			files = (
				D3FAACDC2C95AADE002C2AB8 /* FeedView.swift in Sources */,
				D3FAACE02C95AB01002C2AB8 /* VideoDetailView.swift in Sources */,
				D3FAACDE2C95AAEF002C2AB8 /* VideoRowView.swift in Sources */,
				D3FAACE42C95AB5F002C2AB8 /* Playlist.swift in Sources */,
				D3FAACDA2C95AAB5002C2AB8 /* DataService.swift in Sources */,
				D3FAACCB2C95AA70002C2AB8 /* HomeView.swift in Sources */,
				D3FAACE22C95AB50002C2AB8 /* Video.swift in Sources */,
				D3FAACC92C95AA70002C2AB8 /* YouTubeAPIApp.swift in Sources */,
			);
			runOnlyForDeploymentPostprocessing = 0;
		};
/* End PBXSourcesBuildPhase section */

/* Begin XCBuildConfiguration section */
		D3FAACD12C95AA71002C2AB8 /* Debug */ = {
			isa = XCBuildConfiguration;
			baseConfigurationReference = D3FAACE52C95AD8B002C2AB8 /* Config.xcconfig */;
			buildSettings = {
				ALWAYS_SEARCH_USER_PATHS = NO;
				ASSETCATALOG_COMPILER_GENERATE_SWIFT_ASSET_SYMBOL_EXTENSIONS = YES;
				CLANG_ANALYZER_NONNULL = YES;
				CLANG_ANALYZER_NUMBER_OBJECT_CONVERSION = YES_AGGRESSIVE;
				CLANG_CXX_LANGUAGE_STANDARD = "gnu++20";
				CLANG_ENABLE_MODULES = YES;
				CLANG_ENABLE_OBJC_ARC = YES;
				CLANG_ENABLE_OBJC_WEAK = YES;
				CLANG_WARN_BLOCK_CAPTURE_AUTORELEASING = YES;
				CLANG_WARN_BOOL_CONVERSION = YES;
				CLANG_WARN_COMMA = YES;
				CLANG_WARN_CONSTANT_CONVERSION = YES;
				CLANG_WARN_DEPRECATED_OBJC_IMPLEMENTATIONS = YES;
				CLANG_WARN_DIRECT_OBJC_ISA_USAGE = YES_ERROR;
				CLANG_WARN_DOCUMENTATION_COMMENTS = YES;
				CLANG_WARN_EMPTY_BODY = YES;
				CLANG_WARN_ENUM_CONVERSION = YES;
				CLANG_WARN_INFINITE_RECURSION = YES;
				CLANG_WARN_INT_CONVERSION = YES;
				CLANG_WARN_NON_LITERAL_NULL_CONVERSION = YES;
				CLANG_WARN_OBJC_IMPLICIT_RETAIN_SELF = YES;
				CLANG_WARN_OBJC_LITERAL_CONVERSION = YES;
				CLANG_WARN_OBJC_ROOT_CLASS = YES_ERROR;
				CLANG_WARN_QUOTED_INCLUDE_IN_FRAMEWORK_HEADER = YES;
				CLANG_WARN_RANGE_LOOP_ANALYSIS = YES;
				CLANG_WARN_STRICT_PROTOTYPES = YES;
				CLANG_WARN_SUSPICIOUS_MOVE = YES;
				CLANG_WARN_UNGUARDED_AVAILABILITY = YES_AGGRESSIVE;
				CLANG_WARN_UNREACHABLE_CODE = YES;
				CLANG_WARN__DUPLICATE_METHOD_MATCH = YES;
				COPY_PHASE_STRIP = NO;
				DEBUG_INFORMATION_FORMAT = dwarf;
				ENABLE_STRICT_OBJC_MSGSEND = YES;
				ENABLE_TESTABILITY = YES;
				ENABLE_USER_SCRIPT_SANDBOXING = YES;
				GCC_C_LANGUAGE_STANDARD = gnu17;
				GCC_DYNAMIC_NO_PIC = NO;
				GCC_NO_COMMON_BLOCKS = YES;
				GCC_OPTIMIZATION_LEVEL = 0;
				GCC_PREPROCESSOR_DEFINITIONS = (
					"DEBUG=1",
					"$(inherited)",
				);
				GCC_WARN_64_TO_32_BIT_CONVERSION = YES;
				GCC_WARN_ABOUT_RETURN_TYPE = YES_ERROR;
				GCC_WARN_UNDECLARED_SELECTOR = YES;
				GCC_WARN_UNINITIALIZED_AUTOS = YES_AGGRESSIVE;
				GCC_WARN_UNUSED_FUNCTION = YES;
				GCC_WARN_UNUSED_VARIABLE = YES;
				IPHONEOS_DEPLOYMENT_TARGET = 17.5;
				LOCALIZATION_PREFERS_STRING_CATALOGS = YES;
				MTL_ENABLE_DEBUG_INFO = INCLUDE_SOURCE;
				MTL_FAST_MATH = YES;
				ONLY_ACTIVE_ARCH = YES;
				SDKROOT = iphoneos;
				SWIFT_ACTIVE_COMPILATION_CONDITIONS = "DEBUG $(inherited)";
				SWIFT_OPTIMIZATION_LEVEL = "-Onone";
			};
			name = Debug;
		};
		D3FAACD22C95AA71002C2AB8 /* Release */ = {
			isa = XCBuildConfiguration;
			baseConfigurationReference = D3FAACE52C95AD8B002C2AB8 /* Config.xcconfig */;
			buildSettings = {
				ALWAYS_SEARCH_USER_PATHS = NO;
				ASSETCATALOG_COMPILER_GENERATE_SWIFT_ASSET_SYMBOL_EXTENSIONS = YES;
				CLANG_ANALYZER_NONNULL = YES;
				CLANG_ANALYZER_NUMBER_OBJECT_CONVERSION = YES_AGGRESSIVE;
				CLANG_CXX_LANGUAGE_STANDARD = "gnu++20";
				CLANG_ENABLE_MODULES = YES;
				CLANG_ENABLE_OBJC_ARC = YES;
				CLANG_ENABLE_OBJC_WEAK = YES;
				CLANG_WARN_BLOCK_CAPTURE_AUTORELEASING = YES;
				CLANG_WARN_BOOL_CONVERSION = YES;
				CLANG_WARN_COMMA = YES;
				CLANG_WARN_CONSTANT_CONVERSION = YES;
				CLANG_WARN_DEPRECATED_OBJC_IMPLEMENTATIONS = YES;
				CLANG_WARN_DIRECT_OBJC_ISA_USAGE = YES_ERROR;
				CLANG_WARN_DOCUMENTATION_COMMENTS = YES;
				CLANG_WARN_EMPTY_BODY = YES;
				CLANG_WARN_ENUM_CONVERSION = YES;
				CLANG_WARN_INFINITE_RECURSION = YES;
				CLANG_WARN_INT_CONVERSION = YES;
				CLANG_WARN_NON_LITERAL_NULL_CONVERSION = YES;
				CLANG_WARN_OBJC_IMPLICIT_RETAIN_SELF = YES;
				CLANG_WARN_OBJC_LITERAL_CONVERSION = YES;
				CLANG_WARN_OBJC_ROOT_CLASS = YES_ERROR;
				CLANG_WARN_QUOTED_INCLUDE_IN_FRAMEWORK_HEADER = YES;
				CLANG_WARN_RANGE_LOOP_ANALYSIS = YES;
				CLANG_WARN_STRICT_PROTOTYPES = YES;
				CLANG_WARN_SUSPICIOUS_MOVE = YES;
				CLANG_WARN_UNGUARDED_AVAILABILITY = YES_AGGRESSIVE;
				CLANG_WARN_UNREACHABLE_CODE = YES;
				CLANG_WARN__DUPLICATE_METHOD_MATCH = YES;
				COPY_PHASE_STRIP = NO;
				DEBUG_INFORMATION_FORMAT = "dwarf-with-dsym";
				ENABLE_NS_ASSERTIONS = NO;
				ENABLE_STRICT_OBJC_MSGSEND = YES;
				ENABLE_USER_SCRIPT_SANDBOXING = YES;
				GCC_C_LANGUAGE_STANDARD = gnu17;
				GCC_NO_COMMON_BLOCKS = YES;
				GCC_WARN_64_TO_32_BIT_CONVERSION = YES;
				GCC_WARN_ABOUT_RETURN_TYPE = YES_ERROR;
				GCC_WARN_UNDECLARED_SELECTOR = YES;
				GCC_WARN_UNINITIALIZED_AUTOS = YES_AGGRESSIVE;
				GCC_WARN_UNUSED_FUNCTION = YES;
				GCC_WARN_UNUSED_VARIABLE = YES;
				IPHONEOS_DEPLOYMENT_TARGET = 17.5;
				LOCALIZATION_PREFERS_STRING_CATALOGS = YES;
				MTL_ENABLE_DEBUG_INFO = NO;
				MTL_FAST_MATH = YES;
				SDKROOT = iphoneos;
				SWIFT_COMPILATION_MODE = wholemodule;
				VALIDATE_PRODUCT = YES;
			};
			name = Release;
		};
		D3FAACD42C95AA71002C2AB8 /* Debug */ = {
			isa = XCBuildConfiguration;
			buildSettings = {
				ASSETCATALOG_COMPILER_APPICON_NAME = AppIcon;
				ASSETCATALOG_COMPILER_GLOBAL_ACCENT_COLOR_NAME = AccentColor;
				CODE_SIGN_STYLE = Automatic;
				CURRENT_PROJECT_VERSION = 1;
				DEVELOPMENT_ASSET_PATHS = "\"YouTubeAPIApp/Preview Content\"";
				DEVELOPMENT_TEAM = 2FS3J8BF7H;
				ENABLE_PREVIEWS = YES;
				GENERATE_INFOPLIST_FILE = YES;
				INFOPLIST_FILE = YouTubeAPIApp/Info.plist;
				INFOPLIST_KEY_UIApplicationSceneManifest_Generation = YES;
				INFOPLIST_KEY_UIApplicationSupportsIndirectInputEvents = YES;
				INFOPLIST_KEY_UILaunchScreen_Generation = YES;
				INFOPLIST_KEY_UISupportedInterfaceOrientations_iPad = "UIInterfaceOrientationPortrait UIInterfaceOrientationPortraitUpsideDown UIInterfaceOrientationLandscapeLeft UIInterfaceOrientationLandscapeRight";
				INFOPLIST_KEY_UISupportedInterfaceOrientations_iPhone = "UIInterfaceOrientationPortrait UIInterfaceOrientationLandscapeLeft UIInterfaceOrientationLandscapeRight";
				LD_RUNPATH_SEARCH_PATHS = (
					"$(inherited)",
					"@executable_path/Frameworks",
				);
				MARKETING_VERSION = 1.0;
				PRODUCT_BUNDLE_IDENTIFIER = com.yashrawat.YouTubeAPIApp;
				PRODUCT_NAME = "$(TARGET_NAME)";
				SWIFT_EMIT_LOC_STRINGS = YES;
				SWIFT_VERSION = 5.0;
				TARGETED_DEVICE_FAMILY = "1,2";
			};
			name = Debug;
		};
		D3FAACD52C95AA71002C2AB8 /* Release */ = {
			isa = XCBuildConfiguration;
			buildSettings = {
				ASSETCATALOG_COMPILER_APPICON_NAME = AppIcon;
				ASSETCATALOG_COMPILER_GLOBAL_ACCENT_COLOR_NAME = AccentColor;
				CODE_SIGN_STYLE = Automatic;
				CURRENT_PROJECT_VERSION = 1;
				DEVELOPMENT_ASSET_PATHS = "\"YouTubeAPIApp/Preview Content\"";
				DEVELOPMENT_TEAM = 2FS3J8BF7H;
				ENABLE_PREVIEWS = YES;
				GENERATE_INFOPLIST_FILE = YES;
				INFOPLIST_FILE = YouTubeAPIApp/Info.plist;
				INFOPLIST_KEY_UIApplicationSceneManifest_Generation = YES;
				INFOPLIST_KEY_UIApplicationSupportsIndirectInputEvents = YES;
				INFOPLIST_KEY_UILaunchScreen_Generation = YES;
				INFOPLIST_KEY_UISupportedInterfaceOrientations_iPad = "UIInterfaceOrientationPortrait UIInterfaceOrientationPortraitUpsideDown UIInterfaceOrientationLandscapeLeft UIInterfaceOrientationLandscapeRight";
				INFOPLIST_KEY_UISupportedInterfaceOrientations_iPhone = "UIInterfaceOrientationPortrait UIInterfaceOrientationLandscapeLeft UIInterfaceOrientationLandscapeRight";
				LD_RUNPATH_SEARCH_PATHS = (
					"$(inherited)",
					"@executable_path/Frameworks",
				);
				MARKETING_VERSION = 1.0;
				PRODUCT_BUNDLE_IDENTIFIER = com.yashrawat.YouTubeAPIApp;
				PRODUCT_NAME = "$(TARGET_NAME)";
				SWIFT_EMIT_LOC_STRINGS = YES;
				SWIFT_VERSION = 5.0;
				TARGETED_DEVICE_FAMILY = "1,2";
			};
			name = Release;
		};
/* End XCBuildConfiguration section */

/* Begin XCConfigurationList section */
		D3FAACC02C95AA70002C2AB8 /* Build configuration list for PBXProject "YouTubeAPIApp" */ = {
			isa = XCConfigurationList;
			buildConfigurations = (
				D3FAACD12C95AA71002C2AB8 /* Debug */,
				D3FAACD22C95AA71002C2AB8 /* Release */,
			);
			defaultConfigurationIsVisible = 0;
			defaultConfigurationName = Release;
		};
		D3FAACD32C95AA71002C2AB8 /* Build configuration list for PBXNativeTarget "YouTubeAPIApp" */ = {
			isa = XCConfigurationList;
			buildConfigurations = (
				D3FAACD42C95AA71002C2AB8 /* Debug */,
				D3FAACD52C95AA71002C2AB8 /* Release */,
			);
			defaultConfigurationIsVisible = 0;
			defaultConfigurationName = Release;
		};
/* End XCConfigurationList section */

/* Begin XCRemoteSwiftPackageReference section */
		D3FAACE72C95DDB5002C2AB8 /* XCRemoteSwiftPackageReference "YouTubePlayerKit" */ = {
			isa = XCRemoteSwiftPackageReference;
			repositoryURL = "https://github.com/SvenTiigi/YouTubePlayerKit.git";
			requirement = {
				kind = upToNextMajorVersion;
				minimumVersion = 1.9.0;
			};
		};
/* End XCRemoteSwiftPackageReference section */

/* Begin XCSwiftPackageProductDependency section */
		D3FAACE82C95DDB5002C2AB8 /* YouTubePlayerKit */ = {
			isa = XCSwiftPackageProductDependency;
			package = D3FAACE72C95DDB5002C2AB8 /* XCRemoteSwiftPackageReference "YouTubePlayerKit" */;
			productName = YouTubePlayerKit;
		};
/* End XCSwiftPackageProductDependency section */
	};
	rootObject = D3FAACBD2C95AA70002C2AB8 /* Project object */;
}
